
Microsoft Visual Studio Solution File, Format Version 12.00
# Visual Studio 15
VisualStudioVersion = 15.0.27703.2026
MinimumVisualStudioVersion = 10.0.40219.1
Project("{FAE04EC0-301F-11D3-BF4B-00C04F79EFBC}") = "JRTE18I4DABNetCoreTest", "JRTE18I4DABNetCoreTest\JRTE18I4DABNetCoreTest.csproj", "{BD8FD227-0CCC-4B80-9170-DDC379B7EC14}"
EndProject
Project("{9A19103F-16F7-4668-BE54-9A1E7A4F7556}") = "ContosoUniversity", "ContosoUniversity\ContosoUniversity.csproj", "{7E868459-69BD-4B6F-AE23-32980A71E849}"
EndProject
Project("{00D1A9C2-B5F0-4AF3-8072-F6C62B433612}") = "EmployeeDB", "EmployeeDB\EmployeeDB.sqlproj", "{9D0098E3-9720-4B23-B0B8-F0939E9A0224}"
EndProject
Project("{FAE04EC0-301F-11D3-BF4B-00C04F79EFBC}") = "MVCDemoApp", "MVCDemoApp\MVCDemoApp.csproj", "{47E3E311-7BD5-435B-B4AC-DAABF45DDA98}"
EndProject
Global
	GlobalSection(SolutionConfigurationPlatforms) = preSolution
		Debug|Any CPU = Debug|Any CPU
		Release|Any CPU = Release|Any CPU
	EndGlobalSection
	GlobalSection(ProjectConfigurationPlatforms) = postSolution
		{BD8FD227-0CCC-4B80-9170-DDC379B7EC14}.Debug|Any CPU.ActiveCfg = Debug|Any CPU
		{BD8FD227-0CCC-4B80-9170-DDC379B7EC14}.Debug|Any CPU.Build.0 = Debug|Any CPU
		{BD8FD227-0CCC-4B80-9170-DDC379B7EC14}.Release|Any CPU.ActiveCfg = Release|Any CPU
		{BD8FD227-0CCC-4B80-9170-DDC379B7EC14}.Release|Any CPU.Build.0 = Release|Any CPU
		{7E868459-69BD-4B6F-AE23-32980A71E849}.Debug|Any CPU.ActiveCfg = Debug|Any CPU
		{7E868459-69BD-4B6F-AE23-32980A71E849}.Debug|Any CPU.Build.0 = Debug|Any CPU
		{7E868459-69BD-4B6F-AE23-32980A71E849}.Release|Any CPU.ActiveCfg = Release|Any CPU
		{7E868459-69BD-4B6F-AE23-32980A71E849}.Release|Any CPU.Build.0 = Release|Any CPU
		{9D0098E3-9720-4B23-B0B8-F0939E9A0224}.Debug|Any CPU.ActiveCfg = Debug|Any CPU
		{9D0098E3-9720-4B23-B0B8-F0939E9A0224}.Debug|Any CPU.Build.0 = Debug|Any CPU
		{9D0098E3-9720-4B23-B0B8-F0939E9A0224}.Debug|Any CPU.Deploy.0 = Debug|Any CPU
		{9D0098E3-9720-4B23-B0B8-F0939E9A0224}.Release|Any CPU.ActiveCfg = Release|Any CPU
		{9D0098E3-9720-4B23-B0B8-F0939E9A0224}.Release|Any CPU.Build.0 = Release|Any CPU
		{9D0098E3-9720-4B23-B0B8-F0939E9A0224}.Release|Any CPU.Deploy.0 = Release|Any CPU
		{47E3E311-7BD5-435B-B4AC-DAABF45DDA98}.Debug|Any CPU.ActiveCfg = Debug|Any CPU
		{47E3E311-7BD5-435B-B4AC-DAABF45DDA98}.Debug|Any CPU.Build.0 = Debug|Any CPU
		{47E3E311-7BD5-435B-B4AC-DAABF45DDA98}.Release|Any CPU.ActiveCfg = Release|Any CPU
		{47E3E311-7BD5-435B-B4AC-DAABF45DDA98}.Release|Any CPU.Build.0 = Release|Any CPU
	EndGlobalSection
	GlobalSection(SolutionProperties) = preSolution
		HideSolutionNode = FALSE
	EndGlobalSection
	GlobalSection(ExtensibilityGlobals) = postSolution
		SolutionGuid = {F035044A-13E2-4BBD-8060-6E0DF42497E6}
	EndGlobalSection
EndGlobal
